// !$*UTF8*$!
{
	archiveVersion = 1;
	classes = {
	};
	objectVersion = 46;
	objects = {

/* Begin PBXBuildFile section */
		B2B405B315CAD567009F407B /* UIKit.framework in Frameworks */ = {isa = PBXBuildFile; fileRef = B2B405B215CAD567009F407B /* UIKit.framework */; };
		B2B405B515CAD567009F407B /* Foundation.framework in Frameworks */ = {isa = PBXBuildFile; fileRef = B2B405B415CAD567009F407B /* Foundation.framework */; };
		B2B405B715CAD567009F407B /* CoreGraphics.framework in Frameworks */ = {isa = PBXBuildFile; fileRef = B2B405B615CAD567009F407B /* CoreGraphics.framework */; };
		B2B405BD15CAD567009F407B /* InfoPlist.strings in Resources */ = {isa = PBXBuildFile; fileRef = B2B405BB15CAD567009F407B /* InfoPlist.strings */; };
		B2B405BF15CAD567009F407B /* main.m in Sources */ = {isa = PBXBuildFile; fileRef = B2B405BE15CAD567009F407B /* main.m */; };
		B2B405C315CAD567009F407B /* AppDelegate.m in Sources */ = {isa = PBXBuildFile; fileRef = B2B405C215CAD567009F407B /* AppDelegate.m */; };
		B2B405C615CAD567009F407B /* MainStoryboard.storyboard in Resources */ = {isa = PBXBuildFile; fileRef = B2B405C415CAD567009F407B /* MainStoryboard.storyboard */; };
		B2B405C915CAD567009F407B /* ViewController.m in Sources */ = {isa = PBXBuildFile; fileRef = B2B405C815CAD567009F407B /* ViewController.m */; };
		B2B405D115CAD567009F407B /* SenTestingKit.framework in Frameworks */ = {isa = PBXBuildFile; fileRef = B2B405D015CAD567009F407B /* SenTestingKit.framework */; };
		B2B405D215CAD567009F407B /* UIKit.framework in Frameworks */ = {isa = PBXBuildFile; fileRef = B2B405B215CAD567009F407B /* UIKit.framework */; };
		B2B405D315CAD567009F407B /* Foundation.framework in Frameworks */ = {isa = PBXBuildFile; fileRef = B2B405B415CAD567009F407B /* Foundation.framework */; };
		B2B405DB15CAD567009F407B /* InfoPlist.strings in Resources */ = {isa = PBXBuildFile; fileRef = B2B405D915CAD567009F407B /* InfoPlist.strings */; };
		B2B405DE15CAD567009F407B /* LastBonusProjTests.m in Sources */ = {isa = PBXBuildFile; fileRef = B2B405DD15CAD567009F407B /* LastBonusProjTests.m */; };
/* End PBXBuildFile section */

/* Begin PBXContainerItemProxy section */
		B2B405D415CAD567009F407B /* PBXContainerItemProxy */ = {
			isa = PBXContainerItemProxy;
			containerPortal = B2B405A515CAD567009F407B /* Project object */;
			proxyType = 1;
			remoteGlobalIDString = B2B405AD15CAD567009F407B;
			remoteInfo = LastBonusProj;
		};
/* End PBXContainerItemProxy section */

/* Begin PBXFileReference section */
		B2B405AE15CAD567009F407B /* LastBonusProj.app */ = {isa = PBXFileReference; explicitFileType = wrapper.application; includeInIndex = 0; path = LastBonusProj.app; sourceTree = BUILT_PRODUCTS_DIR; };
		B2B405B215CAD567009F407B /* UIKit.framework */ = {isa = PBXFileReference; lastKnownFileType = wrapper.framework; name = UIKit.framework; path = System/Library/Frameworks/UIKit.framework; sourceTree = SDKROOT; };
		B2B405B415CAD567009F407B /* Foundation.framework */ = {isa = PBXFileReference; lastKnownFileType = wrapper.framework; name = Foundation.framework; path = System/Library/Frameworks/Foundation.framework; sourceTree = SDKROOT; };
		B2B405B615CAD567009F407B /* CoreGraphics.framework */ = {isa = PBXFileReference; lastKnownFileType = wrapper.framework; name = CoreGraphics.framework; path = System/Library/Frameworks/CoreGraphics.framework; sourceTree = SDKROOT; };
		B2B405BA15CAD567009F407B /* LastBonusProj-Info.plist */ = {isa = PBXFileReference; lastKnownFileType = text.plist.xml; path = "LastBonusProj-Info.plist"; sourceTree = "<group>"; };
		B2B405BC15CAD567009F407B /* en */ = {isa = PBXFileReference; lastKnownFileType = text.plist.strings; name = en; path = en.lproj/InfoPlist.strings; sourceTree = "<group>"; };
		B2B405BE15CAD567009F407B /* main.m */ = {isa = PBXFileReference; lastKnownFileType = sourcecode.c.objc; path = main.m; sourceTree = "<group>"; };
		B2B405C015CAD567009F407B /* LastBonusProj-Prefix.pch */ = {isa = PBXFileReference; lastKnownFileType = sourcecode.c.h; path = "LastBonusProj-Prefix.pch"; sourceTree = "<group>"; };
		B2B405C115CAD567009F407B /* AppDelegate.h */ = {isa = PBXFileReference; lastKnownFileType = sourcecode.c.h; path = AppDelegate.h; sourceTree = "<group>"; };
		B2B405C215CAD567009F407B /* AppDelegate.m */ = {isa = PBXFileReference; lastKnownFileType = sourcecode.c.objc; path = AppDelegate.m; sourceTree = "<group>"; };
		B2B405C515CAD567009F407B /* en */ = {isa = PBXFileReference; lastKnownFileType = file.storyboard; name = en; path = en.lproj/MainStoryboard.storyboard; sourceTree = "<group>"; };
		B2B405C715CAD567009F407B /* ViewController.h */ = {isa = PBXFileReference; lastKnownFileType = sourcecode.c.h; path = ViewController.h; sourceTree = "<group>"; };
		B2B405C815CAD567009F407B /* ViewController.m */ = {isa = PBXFileReference; lastKnownFileType = sourcecode.c.objc; path = ViewController.m; sourceTree = "<group>"; };
		B2B405CF15CAD567009F407B /* LastBonusProjTests.octest */ = {isa = PBXFileReference; explicitFileType = wrapper.cfbundle; includeInIndex = 0; path = LastBonusProjTests.octest; sourceTree = BUILT_PRODUCTS_DIR; };
		B2B405D015CAD567009F407B /* SenTestingKit.framework */ = {isa = PBXFileReference; lastKnownFileType = wrapper.framework; name = SenTestingKit.framework; path = Library/Frameworks/SenTestingKit.framework; sourceTree = DEVELOPER_DIR; };
		B2B405D815CAD567009F407B /* LastBonusProjTests-Info.plist */ = {isa = PBXFileReference; lastKnownFileType = text.plist.xml; path = "LastBonusProjTests-Info.plist"; sourceTree = "<group>"; };
		B2B405DA15CAD567009F407B /* en */ = {isa = PBXFileReference; lastKnownFileType = text.plist.strings; name = en; path = en.lproj/InfoPlist.strings; sourceTree = "<group>"; };
		B2B405DC15CAD567009F407B /* LastBonusProjTests.h */ = {isa = PBXFileReference; lastKnownFileType = sourcecode.c.h; path = LastBonusProjTests.h; sourceTree = "<group>"; };
		B2B405DD15CAD567009F407B /* LastBonusProjTests.m */ = {isa = PBXFileReference; lastKnownFileType = sourcecode.c.objc; path = LastBonusProjTests.m; sourceTree = "<group>"; };
/* End PBXFileReference section */

/* Begin PBXFrameworksBuildPhase section */
		B2B405AB15CAD567009F407B /* Frameworks */ = {
			isa = PBXFrameworksBuildPhase;
			buildActionMask = 2147483647;
			files = (
				B2B405B315CAD567009F407B /* UIKit.framework in Frameworks */,
				B2B405B515CAD567009F407B /* Foundation.framework in Frameworks */,
				B2B405B715CAD567009F407B /* CoreGraphics.framework in Frameworks */,
			);
			runOnlyForDeploymentPostprocessing = 0;
		};
		B2B405CB15CAD567009F407B /* Frameworks */ = {
			isa = PBXFrameworksBuildPhase;
			buildActionMask = 2147483647;
			files = (
				B2B405D115CAD567009F407B /* SenTestingKit.framework in Frameworks */,
				B2B405D215CAD567009F407B /* UIKit.framework in Frameworks */,
				B2B405D315CAD567009F407B /* Foundation.framework in Frameworks */,
			);
			runOnlyForDeploymentPostprocessing = 0;
		};
/* End PBXFrameworksBuildPhase section */

/* Begin PBXGroup section */
		B2B405A315CAD567009F407B = {
			isa = PBXGroup;
			children = (
				B2B405B815CAD567009F407B /* LastBonusProj */,
				B2B405D615CAD567009F407B /* LastBonusProjTests */,
				B2B405B115CAD567009F407B /* Frameworks */,
				B2B405AF15CAD567009F407B /* Products */,
			);
			sourceTree = "<group>";
		};
		B2B405AF15CAD567009F407B /* Products */ = {
			isa = PBXGroup;
			children = (
				B2B405AE15CAD567009F407B /* LastBonusProj.app */,
				B2B405CF15CAD567009F407B /* LastBonusProjTests.octest */,
			);
			name = Products;
			sourceTree = "<group>";
		};
		B2B405B115CAD567009F407B /* Frameworks */ = {
			isa = PBXGroup;
			children = (
				B2B405B215CAD567009F407B /* UIKit.framework */,
				B2B405B415CAD567009F407B /* Foundation.framework */,
				B2B405B615CAD567009F407B /* CoreGraphics.framework */,
				B2B405D015CAD567009F407B /* SenTestingKit.framework */,
			);
			name = Frameworks;
			sourceTree = "<group>";
		};
		B2B405B815CAD567009F407B /* LastBonusProj */ = {
			isa = PBXGroup;
			children = (
				B2B405C115CAD567009F407B /* AppDelegate.h */,
				B2B405C215CAD567009F407B /* AppDelegate.m */,
				B2B405C415CAD567009F407B /* MainStoryboard.storyboard */,
				B2B405C715CAD567009F407B /* ViewController.h */,
				B2B405C815CAD567009F407B /* ViewController.m */,
				B2B405B915CAD567009F407B /* Supporting Files */,
			);
			path = LastBonusProj;
			sourceTree = "<group>";
		};
		B2B405B915CAD567009F407B /* Supporting Files */ = {
			isa = PBXGroup;
			children = (
				B2B405BA15CAD567009F407B /* LastBonusProj-Info.plist */,
				B2B405BB15CAD567009F407B /* InfoPlist.strings */,
				B2B405BE15CAD567009F407B /* main.m */,
				B2B405C015CAD567009F407B /* LastBonusProj-Prefix.pch */,
			);
			name = "Supporting Files";
			sourceTree = "<group>";
		};
		B2B405D615CAD567009F407B /* LastBonusProjTests */ = {
			isa = PBXGroup;
			children = (
				B2B405DC15CAD567009F407B /* LastBonusProjTests.h */,
				B2B405DD15CAD567009F407B /* LastBonusProjTests.m */,
				B2B405D715CAD567009F407B /* Supporting Files */,
			);
			path = LastBonusProjTests;
			sourceTree = "<group>";
		};
		B2B405D715CAD567009F407B /* Supporting Files */ = {
			isa = PBXGroup;
			children = (
				B2B405D815CAD567009F407B /* LastBonusProjTests-Info.plist */,
				B2B405D915CAD567009F407B /* InfoPlist.strings */,
			);
			name = "Supporting Files";
			sourceTree = "<group>";
		};
/* End PBXGroup section */

/* Begin PBXNativeTarget section */
		B2B405AD15CAD567009F407B /* LastBonusProj */ = {
			isa = PBXNativeTarget;
			buildConfigurationList = B2B405E115CAD567009F407B /* Build configuration list for PBXNativeTarget "LastBonusProj" */;
			buildPhases = (
				B2B405AA15CAD567009F407B /* Sources */,
				B2B405AB15CAD567009F407B /* Frameworks */,
				B2B405AC15CAD567009F407B /* Resources */,
			);
			buildRules = (
			);
			dependencies = (
			);
			name = LastBonusProj;
			productName = LastBonusProj;
			productReference = B2B405AE15CAD567009F407B /* LastBonusProj.app */;
			productType = "com.apple.product-type.application";
		};
		B2B405CE15CAD567009F407B /* LastBonusProjTests */ = {
			isa = PBXNativeTarget;
			buildConfigurationList = B2B405E415CAD567009F407B /* Build configuration list for PBXNativeTarget "LastBonusProjTests" */;
			buildPhases = (
				B2B405CA15CAD567009F407B /* Sources */,
				B2B405CB15CAD567009F407B /* Frameworks */,
				B2B405CC15CAD567009F407B /* Resources */,
				B2B405CD15CAD567009F407B /* ShellScript */,
			);
			buildRules = (
			);
			dependencies = (
				B2B405D515CAD567009F407B /* PBXTargetDependency */,
			);
			name = LastBonusProjTests;
			productName = LastBonusProjTests;
			productReference = B2B405CF15CAD567009F407B /* LastBonusProjTests.octest */;
			productType = "com.apple.product-type.bundle";
		};
/* End PBXNativeTarget section */

/* Begin PBXProject section */
		B2B405A515CAD567009F407B /* Project object */ = {
			isa = PBXProject;
			attributes = {
				LastUpgradeCheck = 0430;
			};
			buildConfigurationList = B2B405A815CAD567009F407B /* Build configuration list for PBXProject "LastBonusProj" */;
			compatibilityVersion = "Xcode 3.2";
			developmentRegion = English;
			hasScannedForEncodings = 0;
			knownRegions = (
				en,
			);
			mainGroup = B2B405A315CAD567009F407B;
			productRefGroup = B2B405AF15CAD567009F407B /* Products */;
			projectDirPath = "";
			projectRoot = "";
			targets = (
				B2B405AD15CAD567009F407B /* LastBonusProj */,
				B2B405CE15CAD567009F407B /* LastBonusProjTests */,
			);
		};
/* End PBXProject section */

/* Begin PBXResourcesBuildPhase section */
		B2B405AC15CAD567009F407B /* Resources */ = {
			isa = PBXResourcesBuildPhase;
			buildActionMask = 2147483647;
			files = (
				B2B405BD15CAD567009F407B /* InfoPlist.strings in Resources */,
				B2B405C615CAD567009F407B /* MainStoryboard.storyboard in Resources */,
			);
			runOnlyForDeploymentPostprocessing = 0;
		};
		B2B405CC15CAD567009F407B /* Resources */ = {
			isa = PBXResourcesBuildPhase;
			buildActionMask = 2147483647;
			files = (
				B2B405DB15CAD567009F407B /* InfoPlist.strings in Resources */,
			);
			runOnlyForDeploymentPostprocessing = 0;
		};
/* End PBXResourcesBuildPhase section */

/* Begin PBXShellScriptBuildPhase section */
		B2B405CD15CAD567009F407B /* ShellScript */ = {
			isa = PBXShellScriptBuildPhase;
			buildActionMask = 2147483647;
			files = (
			);
			inputPaths = (
			);
			outputPaths = (
			);
			runOnlyForDeploymentPostprocessing = 0;
			shellPath = /bin/sh;
			shellScript = "# Run the unit tests in this test bundle.\n\"${SYSTEM_DEVELOPER_DIR}/Tools/RunUnitTests\"\n";
		};
/* End PBXShellScriptBuildPhase section */

/* Begin PBXSourcesBuildPhase section */
		B2B405AA15CAD567009F407B /* Sources */ = {
			isa = PBXSourcesBuildPhase;
			buildActionMask = 2147483647;
			files = (
				B2B405BF15CAD567009F407B /* main.m in Sources */,
				B2B405C315CAD567009F407B /* AppDelegate.m in Sources */,
				B2B405C915CAD567009F407B /* ViewController.m in Sources */,
			);
			runOnlyForDeploymentPostprocessing = 0;
		};
		B2B405CA15CAD567009F407B /* Sources */ = {
			isa = PBXSourcesBuildPhase;
			buildActionMask = 2147483647;
			files = (
				B2B405DE15CAD567009F407B /* LastBonusProjTests.m in Sources */,
			);
			runOnlyForDeploymentPostprocessing = 0;
		};
/* End PBXSourcesBuildPhase section */

/* Begin PBXTargetDependency section */
		B2B405D515CAD567009F407B /* PBXTargetDependency */ = {
			isa = PBXTargetDependency;
			target = B2B405AD15CAD567009F407B /* LastBonusProj */;
			targetProxy = B2B405D415CAD567009F407B /* PBXContainerItemProxy */;
		};
/* End PBXTargetDependency section */

/* Begin PBXVariantGroup section */
		B2B405BB15CAD567009F407B /* InfoPlist.strings */ = {
			isa = PBXVariantGroup;
			children = (
				B2B405BC15CAD567009F407B /* en */,
			);
			name = InfoPlist.strings;
			sourceTree = "<group>";
		};
		B2B405C415CAD567009F407B /* MainStoryboard.storyboard */ = {
			isa = PBXVariantGroup;
			children = (
				B2B405C515CAD567009F407B /* en */,
			);
			name = MainStoryboard.storyboard;
			sourceTree = "<group>";
		};
		B2B405D915CAD567009F407B /* InfoPlist.strings */ = {
			isa = PBXVariantGroup;
			children = (
				B2B405DA15CAD567009F407B /* en */,
			);
			name = InfoPlist.strings;
			sourceTree = "<group>";
		};
/* End PBXVariantGroup section */

/* Begin XCBuildConfiguration section */
		B2B405DF15CAD567009F407B /* Debug */ = {
			isa = XCBuildConfiguration;
			buildSettings = {
				ALWAYS_SEARCH_USER_PATHS = NO;
				ARCHS = "$(ARCHS_STANDARD_32_BIT)";
				CLANG_ENABLE_OBJC_ARC = YES;
				"CODE_SIGN_IDENTITY[sdk=iphoneos*]" = "iPhone Developer";
				COPY_PHASE_STRIP = NO;
				GCC_C_LANGUAGE_STANDARD = gnu99;
				GCC_DYNAMIC_NO_PIC = NO;
				GCC_OPTIMIZATION_LEVEL = 0;
				GCC_PREPROCESSOR_DEFINITIONS = (
					"DEBUG=1",
					"$(inherited)",
				);
				GCC_SYMBOLS_PRIVATE_EXTERN = NO;
				GCC_VERSION = com.apple.compilers.llvm.clang.1_0;
				GCC_WARN_ABOUT_RETURN_TYPE = YES;
				GCC_WARN_UNINITIALIZED_AUTOS = YES;
				GCC_WARN_UNUSED_VARIABLE = YES;
				IPHONEOS_DEPLOYMENT_TARGET = 5.1;
				SDKROOT = iphoneos;
			};
			name = Debug;
		};
		B2B405E015CAD567009F407B /* Release */ = {
			isa = XCBuildConfiguration;
			buildSettings = {
				ALWAYS_SEARCH_USER_PATHS = NO;
				ARCHS = "$(ARCHS_STANDARD_32_BIT)";
				CLANG_ENABLE_OBJC_ARC = YES;
				"CODE_SIGN_IDENTITY[sdk=iphoneos*]" = "iPhone Developer";
				COPY_PHASE_STRIP = YES;
				GCC_C_LANGUAGE_STANDARD = gnu99;
				GCC_VERSION = com.apple.compilers.llvm.clang.1_0;
				GCC_WARN_ABOUT_RETURN_TYPE = YES;
				GCC_WARN_UNINITIALIZED_AUTOS = YES;
				GCC_WARN_UNUSED_VARIABLE = YES;
				IPHONEOS_DEPLOYMENT_TARGET = 5.1;
				OTHER_CFLAGS = "-DNS_BLOCK_ASSERTIONS=1";
				SDKROOT = iphoneos;
				VALIDATE_PRODUCT = YES;
			};
			name = Release;
		};
		B2B405E215CAD567009F407B /* Debug */ = {
			isa = XCBuildConfiguration;
			buildSettings = {
				GCC_PRECOMPILE_PREFIX_HEADER = YES;
				GCC_PREFIX_HEADER = "LastBonusProj/LastBonusProj-Prefix.pch";
				INFOPLIST_FILE = "LastBonusProj/LastBonusProj-Info.plist";
				PRODUCT_NAME = "$(TARGET_NAME)";
				WRAPPER_EXTENSION = app;
			};
			name = Debug;
		};
		B2B405E315CAD567009F407B /* Release */ = {
			isa = XCBuildConfiguration;
			buildSettings = {
				GCC_PRECOMPILE_PREFIX_HEADER = YES;
				GCC_PREFIX_HEADER = "LastBonusProj/LastBonusProj-Prefix.pch";
				INFOPLIST_FILE = "LastBonusProj/LastBonusProj-Info.plist";
				PRODUCT_NAME = "$(TARGET_NAME)";
				WRAPPER_EXTENSION = app;
			};
			name = Release;
		};
		B2B405E515CAD567009F407B /* Debug */ = {
			isa = XCBuildConfiguration;
			buildSettings = {
				BUNDLE_LOADER = "$(BUILT_PRODUCTS_DIR)/LastBonusProj.app/LastBonusProj";
				FRAMEWORK_SEARCH_PATHS = (
					"$(SDKROOT)/Developer/Library/Frameworks",
					"$(DEVELOPER_LIBRARY_DIR)/Frameworks",
				);
				GCC_PRECOMPILE_PREFIX_HEADER = YES;
				GCC_PREFIX_HEADER = "LastBonusProj/LastBonusProj-Prefix.pch";
				INFOPLIST_FILE = "LastBonusProjTests/LastBonusProjTests-Info.plist";
				PRODUCT_NAME = "$(TARGET_NAME)";
				TEST_HOST = "$(BUNDLE_LOADER)";
				WRAPPER_EXTENSION = octest;
			};
			name = Debug;
		};
		B2B405E615CAD567009F407B /* Release */ = {
			isa = XCBuildConfiguration;
			buildSettings = {
				BUNDLE_LOADER = "$(BUILT_PRODUCTS_DIR)/LastBonusProj.app/LastBonusProj";
				FRAMEWORK_SEARCH_PATHS = (
					"$(SDKROOT)/Developer/Library/Frameworks",
					"$(DEVELOPER_LIBRARY_DIR)/Frameworks",
				);
				GCC_PRECOMPILE_PREFIX_HEADER = YES;
				GCC_PREFIX_HEADER = "LastBonusProj/LastBonusProj-Prefix.pch";
				INFOPLIST_FILE = "LastBonusProjTests/LastBonusProjTests-Info.plist";
				PRODUCT_NAME = "$(TARGET_NAME)";
				TEST_HOST = "$(BUNDLE_LOADER)";
				WRAPPER_EXTENSION = octest;
			};
			name = Release;
		};
/* End XCBuildConfiguration section */

/* Begin XCConfigurationList section */
		B2B405A815CAD567009F407B /* Build configuration list for PBXProject "LastBonusProj" */ = {
			isa = XCConfigurationList;
			buildConfigurations = (
				B2B405DF15CAD567009F407B /* Debug */,
				B2B405E015CAD567009F407B /* Release */,
			);
			defaultConfigurationIsVisible = 0;
			defaultConfigurationName = Release;
		};
		B2B405E115CAD567009F407B /* Build configuration list for PBXNativeTarget "LastBonusProj" */ = {
			isa = XCConfigurationList;
			buildConfigurations = (
				B2B405E215CAD567009F407B /* Debug */,
				B2B405E315CAD567009F407B /* Release */,
			);
			defaultConfigurationIsVisible = 0;
		};
		B2B405E415CAD567009F407B /* Build configuration list for PBXNativeTarget "LastBonusProjTests" */ = {
			isa = XCConfigurationList;
			buildConfigurations = (
				B2B405E515CAD567009F407B /* Debug */,
				B2B405E615CAD567009F407B /* Release */,
			);
			defaultConfigurationIsVisible = 0;
		};
/* End XCConfigurationList section */
	};
	rootObject = B2B405A515CAD567009F407B /* Project object */;
}
